
Microsoft Visual Studio Solution File, Format Version 12.00
# Visual Studio 2013
VisualStudioVersion = 12.0.31101.0
MinimumVisualStudioVersion = 10.0.40219.1
Project("{8BC9CEB8-8B4A-11D0-8D11-00A0C91BC942}") = "IPTVServer", "IPTVServer\IPTVServer.vcxproj", "{9155854D-21A2-4417-B19C-32630260F723}"
EndProject
Project("{8BC9CEB8-8B4A-11D0-8D11-00A0C91BC942}") = "IPTVClient", "IPTVClient\IPTVClient.vcxproj", "{28130330-F9C9-4141-9559-2364A7F78639}"
EndProject
Project("{8BC9CEB8-8B4A-11D0-8D11-00A0C91BC942}") = "IPTVCommon", "IPTVCommon\IPTVCommon.vcxproj", "{2D8DDD58-2392-43E2-9557-178C8EE76F36}"
EndProject
Global
	GlobalSection(SolutionConfigurationPlatforms) = preSolution
		Debug|Win32 = Debug|Win32
		Release|Win32 = Release|Win32
	EndGlobalSection
	GlobalSection(ProjectConfigurationPlatforms) = postSolution
		{9155854D-21A2-4417-B19C-32630260F723}.Debug|Win32.ActiveCfg = Debug|Win32
		{9155854D-21A2-4417-B19C-32630260F723}.Debug|Win32.Build.0 = Debug|Win32
		{9155854D-21A2-4417-B19C-32630260F723}.Release|Win32.ActiveCfg = Release|Win32
		{9155854D-21A2-4417-B19C-32630260F723}.Release|Win32.Build.0 = Release|Win32
		{28130330-F9C9-4141-9559-2364A7F78639}.Debug|Win32.ActiveCfg = Debug|Win32
		{28130330-F9C9-4141-9559-2364A7F78639}.Debug|Win32.Build.0 = Debug|Win32
		{28130330-F9C9-4141-9559-2364A7F78639}.Release|Win32.ActiveCfg = Release|Win32
		{28130330-F9C9-4141-9559-2364A7F78639}.Release|Win32.Build.0 = Release|Win32
		{2D8DDD58-2392-43E2-9557-178C8EE76F36}.Debug|Win32.ActiveCfg = Debug|Win32
		{2D8DDD58-2392-43E2-9557-178C8EE76F36}.Debug|Win32.Build.0 = Debug|Win32
		{2D8DDD58-2392-43E2-9557-178C8EE76F36}.Release|Win32.ActiveCfg = Release|Win32
		{2D8DDD58-2392-43E2-9557-178C8EE76F36}.Release|Win32.Build.0 = Release|Win32
	EndGlobalSection
	GlobalSection(SolutionProperties) = preSolution
		HideSolutionNode = FALSE
	EndGlobalSection
EndGlobal
